{
  "name": "ts-app-ts-client",
  "version": "0.0.0",
  "lockfileVersion": 2,
  "requires": true,
  "packages": {
    "": {
      "name": "ts-app-ts-client",
      "version": "0.0.0",
      "license": "ISC",
      "dependencies": {
        "rust-simple-chat-client-sdk": "file:../../sdks/TypeScript/client",
        "rust-simple-chat-sdk": "file:../../sdks/TypeScript/app"
      }
    },
    "../../sdks/TypeScript/app": {
      "version": "0.1.0",
      "license": "ISC",
      "devDependencies": {
        "esbuild": "^0.16.12",
        "esbuild-node-externals": "^1.6.0",
        "typescript": "^4.9.4"
      }
    },
    "../../sdks/TypeScript/client": {
      "version": "0.1.0",
      "license": "ISC",
      "dependencies": {
        "event-source-with-headers": "file:../../../../event-source-with-headers"
      },
      "devDependencies": {
        "esbuild": "^0.16.12",
        "esbuild-node-externals": "^1.6.0",
        "typescript": "^4.9.4"
      }
    },
    "node_modules/rust-simple-chat-client-sdk": {
      "resolved": "../../sdks/TypeScript/client",
      "link": true
    },
    "node_modules/rust-simple-chat-sdk": {
      "resolved": "../../sdks/TypeScript/app",
      "link": true
    }
  },
  "dependencies": {
    "rust-simple-chat-client-sdk": {
      "version": "file:../../sdks/TypeScript/client",
      "requires": {
        "esbuild": "^0.16.12",
        "esbuild-node-externals": "^1.6.0",
        "event-source-with-headers": "file:../../../../event-source-with-headers",
        "typescript": "^4.9.4"
      }
    },
    "rust-simple-chat-sdk": {
      "version": "file:../../sdks/TypeScript/app",
      "requires": {
        "esbuild": "^0.16.12",
        "esbuild-node-externals": "^1.6.0",
        "typescript": "^4.9.4"
      }
    }
  }
}
